
Microsoft Visual Studio Solution File, Format Version 12.00
# Visual Studio Version 18
VisualStudioVersion = 18.6.11822.322 stable
MinimumVisualStudioVersion = 10.0.40219.1
Project("{FAE04EC0-301F-11D3-BF4B-00C04F79EFBC}") = "FundTrading.Domain", "src\FundTrading.Domain\FundTrading.Domain.csproj", "{6FFA8293-8CDC-08FD-CFE0-7492933004E5}"
EndProject
Project("{FAE04EC0-301F-11D3-BF4B-00C04F79EFBC}") = "FundTrading.Application", "src\FundTrading.Application\FundTrading.Application.csproj", "{7F6B80D3-2972-476F-6722-F2CCD3539B2E}"
EndProject
Project("{FAE04EC0-301F-11D3-BF4B-00C04F79EFBC}") = "FundTrading.API", "src\FundTrading.API\FundTrading.API.csproj", "{F7E7EB5A-6C5A-3648-7933-67149F84DB20}"
EndProject
Project("{FAE04EC0-301F-11D3-BF4B-00C04F79EFBC}") = "FundTrading.Data", "src\FundTrading.Data\FundTrading.Data.csproj", "{F02ADC32-FCCD-8A52-C86C-93ECF99A87CE}"
EndProject
Project("{FAE04EC0-301F-11D3-BF4B-00C04F79EFBC}") = "FundTrading.Tests", "src\FundTrading.Tests\FundTrading.Tests.csproj", "{B97F2148-E15F-D172-3E09-339CEEDC5D1D}"
EndProject
Global
	GlobalSection(SolutionConfigurationPlatforms) = preSolution
		Debug|Any CPU = Debug|Any CPU
		Release|Any CPU = Release|Any CPU
	EndGlobalSection
	GlobalSection(ProjectConfigurationPlatforms) = postSolution
		{6FFA8293-8CDC-08FD-CFE0-7492933004E5}.Debug|Any CPU.ActiveCfg = Debug|Any CPU
		{6FFA8293-8CDC-08FD-CFE0-7492933004E5}.Debug|Any CPU.Build.0 = Debug|Any CPU
		{6FFA8293-8CDC-08FD-CFE0-7492933004E5}.Release|Any CPU.ActiveCfg = Release|Any CPU
		{6FFA8293-8CDC-08FD-CFE0-7492933004E5}.Release|Any CPU.Build.0 = Release|Any CPU
		{7F6B80D3-2972-476F-6722-F2CCD3539B2E}.Debug|Any CPU.ActiveCfg = Debug|Any CPU
		{7F6B80D3-2972-476F-6722-F2CCD3539B2E}.Debug|Any CPU.Build.0 = Debug|Any CPU
		{7F6B80D3-2972-476F-6722-F2CCD3539B2E}.Release|Any CPU.ActiveCfg = Release|Any CPU
		{7F6B80D3-2972-476F-6722-F2CCD3539B2E}.Release|Any CPU.Build.0 = Release|Any CPU
		{F7E7EB5A-6C5A-3648-7933-67149F84DB20}.Debug|Any CPU.ActiveCfg = Debug|Any CPU
		{F7E7EB5A-6C5A-3648-7933-67149F84DB20}.Debug|Any CPU.Build.0 = Debug|Any CPU
		{F7E7EB5A-6C5A-3648-7933-67149F84DB20}.Release|Any CPU.ActiveCfg = Release|Any CPU
		{F7E7EB5A-6C5A-3648-7933-67149F84DB20}.Release|Any CPU.Build.0 = Release|Any CPU
		{F02ADC32-FCCD-8A52-C86C-93ECF99A87CE}.Debug|Any CPU.ActiveCfg = Debug|Any CPU
		{F02ADC32-FCCD-8A52-C86C-93ECF99A87CE}.Debug|Any CPU.Build.0 = Debug|Any CPU
		{F02ADC32-FCCD-8A52-C86C-93ECF99A87CE}.Release|Any CPU.ActiveCfg = Release|Any CPU
		{F02ADC32-FCCD-8A52-C86C-93ECF99A87CE}.Release|Any CPU.Build.0 = Release|Any CPU
		{B97F2148-E15F-D172-3E09-339CEEDC5D1D}.Debug|Any CPU.ActiveCfg = Debug|Any CPU
		{B97F2148-E15F-D172-3E09-339CEEDC5D1D}.Debug|Any CPU.Build.0 = Debug|Any CPU
		{B97F2148-E15F-D172-3E09-339CEEDC5D1D}.Release|Any CPU.ActiveCfg = Release|Any CPU
		{B97F2148-E15F-D172-3E09-339CEEDC5D1D}.Release|Any CPU.Build.0 = Release|Any CPU
	EndGlobalSection
	GlobalSection(SolutionProperties) = preSolution
		HideSolutionNode = FALSE
	EndGlobalSection
	GlobalSection(ExtensibilityGlobals) = postSolution
		SolutionGuid = {D4FF11E9-D58B-4ABA-A2B1-7F4C0DFD30F6}
	EndGlobalSection
EndGlobal
